PODS:
  - AppAuth (1.4.0):
    - AppAuth/Core (= 1.4.0)
    - AppAuth/ExternalUserAgent (= 1.4.0)
  - AppAuth/Core (1.4.0)
  - AppAuth/ExternalUserAgent (1.4.0)
  - FBSDKCoreKit (5.15.1):
    - FBSDKCoreKit/Basics (= 5.15.1)
    - FBSDKCoreKit/Core (= 5.15.1)
  - FBSDKCoreKit/Basics (5.15.1)
  - FBSDKCoreKit/Core (5.15.1):
    - FBSDKCoreKit/Basics
  - FBSDKLoginKit (5.15.1):
    - FBSDKLoginKit/Login (= 5.15.1)
  - FBSDKLoginKit/Login (5.15.1):
    - FBSDKCoreKit (~> 5.0)
  - Firebase/Auth (8.0.0):
    - Firebase/CoreOnly
    - FirebaseAuth (~> 8.0.0)
  - Firebase/CoreOnly (8.0.0):
    - FirebaseCore (= 8.0.0)
  - Firebase/Crashlytics (8.0.0):
    - Firebase/CoreOnly
    - FirebaseCrashlytics (~> 8.0.0)
  - Firebase/Messaging (8.0.0):
    - Firebase/CoreOnly
    - FirebaseMessaging (~> 8.0.0)
  - firebase_auth (1.1.2):
    - Firebase/Auth (= 8.0.0)
    - firebase_core
    - Flutter
  - firebase_core (1.3.0):
    - Firebase/CoreOnly (= 8.0.0)
    - Flutter
  - firebase_crashlytics (2.0.6):
    - Firebase/Crashlytics (= 8.0.0)
    - firebase_core
    - Flutter
  - firebase_messaging (10.0.2):
    - Firebase/Messaging (= 8.0.0)
    - firebase_core
    - Flutter
  - FirebaseAuth (8.0.0):
    - FirebaseCore (~> 8.0)
    - GoogleUtilities/AppDelegateSwizzler (~> 7.4)
    - GoogleUtilities/Environment (~> 7.4)
    - GTMSessionFetcher/Core (~> 1.5)
  - FirebaseCore (8.0.0):
    - FirebaseCoreDiagnostics (~> 8.0)
    - GoogleUtilities/Environment (~> 7.4)
    - GoogleUtilities/Logger (~> 7.4)
  - FirebaseCoreDiagnostics (8.1.0):
    - GoogleDataTransport (~> 9.0)
    - GoogleUtilities/Environment (~> 7.4)
    - GoogleUtilities/Logger (~> 7.4)
    - nanopb (~> 2.30908.0)
  - FirebaseCrashlytics (8.0.0):
    - FirebaseCore (~> 8.0)
    - FirebaseInstallations (~> 8.0)
    - GoogleDataTransport (~> 9.0)
    - nanopb (~> 2.30908.0)
    - PromisesObjC (~> 1.2)
  - FirebaseInstallations (8.1.0):
    - FirebaseCore (~> 8.0)
    - GoogleUtilities/Environment (~> 7.4)
    - GoogleUtilities/UserDefaults (~> 7.4)
    - PromisesObjC (~> 1.2)
  - FirebaseMessaging (8.0.0):
    - FirebaseCore (~> 8.0)
    - FirebaseInstallations (~> 8.0)
    - GoogleUtilities/AppDelegateSwizzler (~> 7.4)
    - GoogleUtilities/Environment (~> 7.4)
    - GoogleUtilities/Reachability (~> 7.4)
    - GoogleUtilities/UserDefaults (~> 7.4)
  - Flutter (1.0.0)
  - flutter_facebook_login (0.0.1):
    - FBSDKCoreKit (~> 5.5)
    - FBSDKLoginKit (~> 5.5)
    - Flutter
  - flutter_paystack (0.0.1):
    - Flutter
  - FMDB (2.7.5):
    - FMDB/standard (= 2.7.5)
  - FMDB/standard (2.7.5)
  - FXBlurView (1.6.4)
  - "geolocator (5.3.2+2)":
    - Flutter
  - google_maps_flutter (0.0.1):
    - Flutter
    - GoogleMaps
  - google_sign_in (0.0.1):
    - Flutter
    - GoogleSignIn (~> 5.0)
  - GoogleDataTransport (9.0.1):
    - GoogleUtilities/Environment (~> 7.2)
    - nanopb (~> 2.30908.0)
    - PromisesObjC (~> 1.2)
  - GoogleMaps (5.0.0):
    - GoogleMaps/Maps (= 5.0.0)
  - GoogleMaps/Base (5.0.0)
  - GoogleMaps/Maps (5.0.0):
    - GoogleMaps/Base
  - GoogleSignIn (5.0.2):
    - AppAuth (~> 1.2)
    - GTMAppAuth (~> 1.0)
    - GTMSessionFetcher/Core (~> 1.1)
  - GoogleUtilities/AppDelegateSwizzler (7.4.1):
    - GoogleUtilities/Environment
    - GoogleUtilities/Logger
    - GoogleUtilities/Network
  - GoogleUtilities/Environment (7.4.1):
    - PromisesObjC (~> 1.2)
  - GoogleUtilities/Logger (7.4.1):
    - GoogleUtilities/Environment
  - GoogleUtilities/Network (7.4.1):
    - GoogleUtilities/Logger
    - "GoogleUtilities/NSData+zlib"
    - GoogleUtilities/Reachability
  - "GoogleUtilities/NSData+zlib (7.4.1)"
  - GoogleUtilities/Reachability (7.4.1):
    - GoogleUtilities/Logger
  - GoogleUtilities/UserDefaults (7.4.1):
    - GoogleUtilities/Logger
  - GTMAppAuth (1.2.2):
    - AppAuth/Core (~> 1.4)
    - GTMSessionFetcher/Core (~> 1.5)
  - GTMSessionFetcher/Core (1.5.0)
  - image_picker (0.0.1):
    - Flutter
  - JRSwizzle (1.0)
  - "location_permissions (3.0.0+1)":
    - Flutter
  - mercado_pago_mobile_checkout (0.0.1):
    - Flutter
    - MercadoPagoSDK (~> 4.32.4)
    - MLCardDrawer (= 1.5.1)
    - MLCardForm (= 0.9.1)
  - MercadoPagoSDK (4.32.4):
    - MercadoPagoSDK/Default (= 4.32.4)
    - MLBusinessComponents (~> 1.0)
    - MLCardForm (~> 0.1)
  - MercadoPagoSDK/Default (4.32.4):
    - MLBusinessComponents (~> 1.0)
    - MLCardDrawer (~> 1.0)
    - MLCardForm (~> 0.1)
    - MLUI (~> 5.0)
  - MLBusinessComponents (1.30.0):
    - MLBusinessComponents/Default (= 1.30.0)
    - MLUI (~> 5.0)
  - MLBusinessComponents/Default (1.30.0):
    - MLUI (~> 5.0)
  - MLCardDrawer (1.5.1):
    - MLCardDrawer/Default (= 1.5.1)
  - MLCardDrawer/Default (1.5.1)
  - MLCardForm (0.9.1):
    - MLCardDrawer (~> 1.0)
    - MLCardForm/Default (= 0.9.1)
    - MLUI (~> 5.0)
  - MLCardForm/Default (0.9.1):
    - MLCardDrawer (~> 1.0)
    - MLUI (~> 5.0)
  - MLUI (5.25.0):
    - MLUI/ActionButton (= 5.25.0)
    - MLUI/Core (= 5.25.0)
    - MLUI/Helpers (= 5.25.0)
    - MLUI/MLButton (= 5.25.0)
    - MLUI/MLCheckBox (= 5.25.0)
    - MLUI/MLColorPalette (= 5.25.0)
    - MLUI/MLContextualMenu (= 5.25.0)
    - MLUI/MLFonts (= 5.25.0)
    - MLUI/MLFullscreenModal (= 5.25.0)
    - MLUI/MLGenericErrorView (= 5.25.0)
    - MLUI/MLHeader (= 5.25.0)
    - MLUI/MLHtml (= 5.25.0)
    - MLUI/MLModal (= 5.25.0)
    - MLUI/MLRadioButton (= 5.25.0)
    - MLUI/MLSnackBar (= 5.25.0)
    - MLUI/MLSpacing (= 5.25.0)
    - MLUI/MLSpinner (= 5.25.0)
    - MLUI/MLSwitch (= 5.25.0)
    - MLUI/MLTextView (= 5.25.0)
    - MLUI/MLTitledMultiLineTextField (= 5.25.0)
    - MLUI/MLTitledSingleLineTextField (= 5.25.0)
    - MLUI/PriceView (= 5.25.0)
    - MLUI/SnackBarView (= 5.25.0)
    - MLUI/StyleSheet (= 5.25.0)
  - MLUI/ActionButton (5.25.0):
    - MLUI/Core
  - MLUI/Core (5.25.0):
    - MLUI/MLFonts
  - MLUI/Helpers (5.25.0)
  - MLUI/MLButton (5.25.0):
    - MLUI/Core
    - MLUI/MLColorPalette
    - MLUI/MLFonts
    - MLUI/MLSpinner
    - MLUI/StyleSheet
  - MLUI/MLCheckBox (5.25.0):
    - MLUI/MLColorPalette
    - MLUI/StyleSheet
  - MLUI/MLColorPalette (5.25.0)
  - MLUI/MLContextualMenu (5.25.0):
    - MLUI/MLColorPalette
    - MLUI/MLFonts
  - MLUI/MLFonts (5.25.0):
    - JRSwizzle (= 1.0)
    - MLUI/Helpers
    - MLUI/StyleSheet
  - MLUI/MLFullscreenModal (5.25.0):
    - FXBlurView (~> 1.6)
    - MLUI/Core
    - MLUI/MLButton
    - MLUI/MLColorPalette
    - MLUI/MLFonts
    - MLUI/MLHeader
    - MLUI/StyleSheet
  - MLUI/MLGenericErrorView (5.25.0):
    - MLUI/MLButton
    - MLUI/MLColorPalette
    - MLUI/MLSpacing
  - MLUI/MLHeader (5.25.0):
    - MLUI/MLColorPalette
    - MLUI/StyleSheet
  - MLUI/MLHtml (5.25.0):
    - MLUI/MLFonts
  - MLUI/MLModal (5.25.0):
    - FXBlurView (~> 1.6)
    - MLUI/Core
    - MLUI/MLButton
    - MLUI/MLColorPalette
    - MLUI/MLFonts
    - MLUI/StyleSheet
  - MLUI/MLRadioButton (5.25.0):
    - MLUI/StyleSheet
  - MLUI/MLSnackBar (5.25.0):
    - MLUI/Helpers
    - MLUI/MLButton
    - MLUI/MLColorPalette
    - MLUI/MLFonts
  - MLUI/MLSpacing (5.25.0):
    - JRSwizzle (= 1.0)
    - MLUI/MLFonts
  - MLUI/MLSpinner (5.25.0):
    - MLUI/MLColorPalette
    - MLUI/MLFonts
    - MLUI/StyleSheet
  - MLUI/MLSwitch (5.25.0):
    - MLUI/Helpers
    - MLUI/MLColorPalette
  - MLUI/MLTextView (5.25.0):
    - MLUI/MLColorPalette
    - MLUI/MLFonts
  - MLUI/MLTitledMultiLineTextField (5.25.0):
    - MLUI/MLColorPalette
    - MLUI/MLFonts
    - MLUI/MLTitledSingleLineTextField
    - MLUI/StyleSheet
  - MLUI/MLTitledSingleLineTextField (5.25.0):
    - MLUI/MLColorPalette
    - MLUI/MLFonts
    - MLUI/StyleSheet
  - MLUI/PriceView (5.25.0):
    - MLUI/Core
    - MLUI/MLFonts
  - MLUI/SnackBarView (5.25.0):
    - MLUI/Helpers
    - MLUI/MLFonts
  - MLUI/StyleSheet (5.25.0)
  - nanopb (2.30908.0):
    - nanopb/decode (= 2.30908.0)
    - nanopb/encode (= 2.30908.0)
  - nanopb/decode (2.30908.0)
  - nanopb/encode (2.30908.0)
  - path_provider (0.0.1):
    - Flutter
  - permission_handler (3.3.0):
    - Flutter
  - PromisesObjC (1.2.12)
  - razorpay-pod (1.1.14)
  - razorpay_flutter (1.1.4):
    - Flutter
    - razorpay-pod
  - share (0.0.1):
    - Flutter
  - shared_preferences (0.0.1):
    - Flutter
  - sqflite (0.0.2):
    - Flutter
    - FMDB (>= 2.7.5)
  - Stripe (21.5.1):
    - Stripe/Stripe3DS2 (= 21.5.1)
  - Stripe/Stripe3DS2 (21.5.1)
  - stripe_ios (0.0.1):
    - Flutter
    - Stripe (~> 21.5.1)
  - the_apple_sign_in (1.0.0):
    - Flutter
  - url_launcher (0.0.1):
    - Flutter
  - video_player (0.0.1):
    - Flutter
  - wakelock (0.0.1):
    - Flutter
  - webview_flutter (0.0.1):
    - Flutter

DEPENDENCIES:
  - firebase_auth (from `.symlinks/plugins/firebase_auth/ios`)
  - firebase_core (from `.symlinks/plugins/firebase_core/ios`)
  - firebase_crashlytics (from `.symlinks/plugins/firebase_crashlytics/ios`)
  - firebase_messaging (from `.symlinks/plugins/firebase_messaging/ios`)
  - Flutter (from `Flutter`)
  - flutter_facebook_login (from `.symlinks/plugins/flutter_facebook_login/ios`)
  - flutter_paystack (from `.symlinks/plugins/flutter_paystack/ios`)
  - geolocator (from `.symlinks/plugins/geolocator/ios`)
  - google_maps_flutter (from `.symlinks/plugins/google_maps_flutter/ios`)
  - google_sign_in (from `.symlinks/plugins/google_sign_in/ios`)
  - image_picker (from `.symlinks/plugins/image_picker/ios`)
  - location_permissions (from `.symlinks/plugins/location_permissions/ios`)
  - mercado_pago_mobile_checkout (from `.symlinks/plugins/mercado_pago_mobile_checkout/ios`)
  - path_provider (from `.symlinks/plugins/path_provider/ios`)
  - permission_handler (from `.symlinks/plugins/permission_handler/ios`)
  - razorpay_flutter (from `.symlinks/plugins/razorpay_flutter/ios`)
  - share (from `.symlinks/plugins/share/ios`)
  - shared_preferences (from `.symlinks/plugins/shared_preferences/ios`)
  - sqflite (from `.symlinks/plugins/sqflite/ios`)
  - stripe_ios (from `.symlinks/plugins/stripe_ios/ios`)
  - the_apple_sign_in (from `.symlinks/plugins/the_apple_sign_in/ios`)
  - url_launcher (from `.symlinks/plugins/url_launcher/ios`)
  - video_player (from `.symlinks/plugins/video_player/ios`)
  - wakelock (from `.symlinks/plugins/wakelock/ios`)
  - webview_flutter (from `.symlinks/plugins/webview_flutter/ios`)

SPEC REPOS:
  trunk:
    - AppAuth
    - FBSDKCoreKit
    - FBSDKLoginKit
    - Firebase
    - FirebaseAuth
    - FirebaseCore
    - FirebaseCoreDiagnostics
    - FirebaseCrashlytics
    - FirebaseInstallations
    - FirebaseMessaging
    - FMDB
    - FXBlurView
    - GoogleDataTransport
    - GoogleMaps
    - GoogleSignIn
    - GoogleUtilities
    - GTMAppAuth
    - GTMSessionFetcher
    - JRSwizzle
    - MercadoPagoSDK
    - MLBusinessComponents
    - MLCardDrawer
    - MLCardForm
    - MLUI
    - nanopb
    - PromisesObjC
    - razorpay-pod
    - Stripe

EXTERNAL SOURCES:
  firebase_auth:
    :path: ".symlinks/plugins/firebase_auth/ios"
  firebase_core:
    :path: ".symlinks/plugins/firebase_core/ios"
  firebase_crashlytics:
    :path: ".symlinks/plugins/firebase_crashlytics/ios"
  firebase_messaging:
    :path: ".symlinks/plugins/firebase_messaging/ios"
  Flutter:
    :path: Flutter
  flutter_facebook_login:
    :path: ".symlinks/plugins/flutter_facebook_login/ios"
  flutter_paystack:
    :path: ".symlinks/plugins/flutter_paystack/ios"
  geolocator:
    :path: ".symlinks/plugins/geolocator/ios"
  google_maps_flutter:
    :path: ".symlinks/plugins/google_maps_flutter/ios"
  google_sign_in:
    :path: ".symlinks/plugins/google_sign_in/ios"
  image_picker:
    :path: ".symlinks/plugins/image_picker/ios"
  location_permissions:
    :path: ".symlinks/plugins/location_permissions/ios"
  mercado_pago_mobile_checkout:
    :path: ".symlinks/plugins/mercado_pago_mobile_checkout/ios"
  path_provider:
    :path: ".symlinks/plugins/path_provider/ios"
  permission_handler:
    :path: ".symlinks/plugins/permission_handler/ios"
  razorpay_flutter:
    :path: ".symlinks/plugins/razorpay_flutter/ios"
  share:
    :path: ".symlinks/plugins/share/ios"
  shared_preferences:
    :path: ".symlinks/plugins/shared_preferences/ios"
  sqflite:
    :path: ".symlinks/plugins/sqflite/ios"
  stripe_ios:
    :path: ".symlinks/plugins/stripe_ios/ios"
  the_apple_sign_in:
    :path: ".symlinks/plugins/the_apple_sign_in/ios"
  url_launcher:
    :path: ".symlinks/plugins/url_launcher/ios"
  video_player:
    :path: ".symlinks/plugins/video_player/ios"
  wakelock:
    :path: ".symlinks/plugins/wakelock/ios"
  webview_flutter:
    :path: ".symlinks/plugins/webview_flutter/ios"

SPEC CHECKSUMS:
  AppAuth: 31bcec809a638d7bd2f86ea8a52bd45f6e81e7c7
  FBSDKCoreKit: 1d5acf7c9d7a2f92bb1a242dc60cae5b7adb91df
  FBSDKLoginKit: f1ea8026a58b52d30c9f2e6a58ca7d813619fb83
  Firebase: 73c3e3b216ec1ecbc54d2ffdd4670c65c749edb1
  firebase_auth: dd97e3da1b79e1aa2808de8084b7752cc36b1d4c
  firebase_core: cda81ae37eda6df2bc2d16027fda527987c4bd33
  firebase_crashlytics: 1dad18971e1bac07bbd560c7a344df391a3a833c
  firebase_messaging: bdc64f21cd3e9e174164b1417530c723fd128958
  FirebaseAuth: b8cd992fca5b53dc6eec09e873a3f375f000c5a1
  FirebaseCore: 3f09591d51292843e2a46f18358d60bf4e996255
  FirebaseCoreDiagnostics: 3e249cee3de5c5f9cfd6cc2a19997231286fec11
  FirebaseCrashlytics: 69cddb6bfa7656c5346e603bc85b029392252ee6
  FirebaseInstallations: 7f31798a8198c354eadcb87176d2090b62edc187
  FirebaseMessaging: 1a33b4af3c8042ed6ddacb6c031894af2064bfab
  Flutter: 434fef37c0980e73bb6479ef766c45957d4b510c
  flutter_facebook_login: cfb5659f686b1c575ef205c6b6fd20db9679d3c4
  flutter_paystack: 50021637b71e7712780744f69d2843e71b65175d
  FMDB: 2ce00b547f966261cd18927a3ddb07cb6f3db82a
  FXBlurView: db786c2561cb49a09ae98407f52460096ab8a44f
  geolocator: f7622e0e7e2a24718285b73916d60c4a54b9f5b6
  google_maps_flutter: df4e7de95264aa0a2f11aac0fc7e313acb8ffc7e
  google_sign_in: 6bd214b9c154f881422f5fe27b66aaa7bbd580cc
  GoogleDataTransport: 04c3e9a480bbcaa2ec3f5d27f1cdeb6a92f20c8d
  GoogleMaps: 600e5e69bdf7f4ed7cac4d6aa96c7ec08a5aa254
  GoogleSignIn: 7137d297ddc022a7e0aa4619c86d72c909fa7213
  GoogleUtilities: f8a43108b38a68eebe8b3540e1f4f2d28843ce20
  GTMAppAuth: ad5c2b70b9a8689e1a04033c9369c4915bfcbe89
  GTMSessionFetcher: b3503b20a988c4e20cc189aa798fd18220133f52
  image_picker: e06f7a68f000bd36f552c1847e33cda96ed31f1f
  JRSwizzle: dd5ead5d913a0f29e7f558200165849f006bb1e3
  location_permissions: 7e0f9aa0f60deb8ff93ddf0e2a164c7e8197bc94
  mercado_pago_mobile_checkout: 3d11d35a55b87bbc6ccc2c240b7d98344a6b73e2
  MercadoPagoSDK: 634fc8a9fe7f99f4d73506659c68cdbb885407fc
  MLBusinessComponents: b2a5cb4fe0fc39c4c585822cf6c13a5496ded9b7
  MLCardDrawer: 2ae367238699c790a143b14c8280ad75495f6fee
  MLCardForm: 150fe3caf0f986340431f3e8d863b771ee2dfab1
  MLUI: db4e5bb3aae6884212dcf1213d76b65c5cd26464
  nanopb: a0ba3315591a9ae0a16a309ee504766e90db0c96
  path_provider: abfe2b5c733d04e238b0d8691db0cfd63a27a93c
  permission_handler: 67637977b227d62d46bfbf524f335f8568de5a73
  PromisesObjC: 3113f7f76903778cf4a0586bd1ab89329a0b7b97
  razorpay-pod: 7991bc0823d0f4b2934b4ea87967d54d2e284e2c
  razorpay_flutter: 4587d9b2970328d06dffa09cf72d79c5eac9b77f
  share: 0b2c3e82132f5888bccca3351c504d0003b3b410
  shared_preferences: af6bfa751691cdc24be3045c43ec037377ada40d
  sqflite: 6d358c025f5b867b29ed92fc697fd34924e11904
  Stripe: 515db5536fd659b5d79a0898ce1b882b61ab597e
  stripe_ios: ce035050135b58a5a838e0d410d53b26f1dc026a
  the_apple_sign_in: 2e78c83cdb09eba07bb16dcc1f3bc12fcdc8263d
  url_launcher: 6fef411d543ceb26efce54b05a0a40bfd74cbbef
  video_player: 9cc823b1d9da7e8427ee591e8438bfbcde500e6e
  wakelock: d0fc7c864128eac40eba1617cb5264d9c940b46f
  webview_flutter: 9f491a9b5a66f2573946a389b2677987b0ff8c0b

PODFILE CHECKSUM: d12d7161d96f9ae808eef28fb6b68bf6e99a1da2

COCOAPODS: 1.10.1
